
Microsoft Visual Studio Solution File, Format Version 12.00
# Visual Studio 15
VisualStudioVersion = 15.0.28307.1831
MinimumVisualStudioVersion = 10.0.40219.1
Project("{FAE04EC0-301F-11D3-BF4B-00C04F79EFBC}") = "TSystems_Functions_UserInput", "TSystems_Functions_UserInput\TSystems_Functions_UserInput.csproj", "{2AD4E087-B3A2-41D5-8043-69D6F1F6C437}"
EndProject
Global
	GlobalSection(SolutionConfigurationPlatforms) = preSolution
		Debug|Any CPU = Debug|Any CPU
		Release|Any CPU = Release|Any CPU
	EndGlobalSection
	GlobalSection(ProjectConfigurationPlatforms) = postSolution
		{2AD4E087-B3A2-41D5-8043-69D6F1F6C437}.Debug|Any CPU.ActiveCfg = Debug|Any CPU
		{2AD4E087-B3A2-41D5-8043-69D6F1F6C437}.Debug|Any CPU.Build.0 = Debug|Any CPU
		{2AD4E087-B3A2-41D5-8043-69D6F1F6C437}.Release|Any CPU.ActiveCfg = Release|Any CPU
		{2AD4E087-B3A2-41D5-8043-69D6F1F6C437}.Release|Any CPU.Build.0 = Release|Any CPU
	EndGlobalSection
	GlobalSection(SolutionProperties) = preSolution
		HideSolutionNode = FALSE
	EndGlobalSection
	GlobalSection(ExtensibilityGlobals) = postSolution
		SolutionGuid = {763FAEF5-60B2-4E1B-AF9B-F40257692BFC}
	EndGlobalSection
EndGlobal
